// !$*UTF8*$!
{
	archiveVersion = 1;
	classes = {
	};
	objectVersion = 56;
	objects = {

/* Begin PBXBuildFile section */
		2218205D2B0EFFF9000996AD /* MoodyAppApp.swift in Sources */ = {isa = PBXBuildFile; fileRef = 2218205C2B0EFFF9000996AD /* MoodyAppApp.swift */; };
		2218205F2B0EFFF9000996AD /* ContentView.swift in Sources */ = {isa = PBXBuildFile; fileRef = 2218205E2B0EFFF9000996AD /* ContentView.swift */; };
		221820612B0EFFFB000996AD /* Assets.xcassets in Resources */ = {isa = PBXBuildFile; fileRef = 221820602B0EFFFB000996AD /* Assets.xcassets */; };
		221820642B0EFFFB000996AD /* Preview Assets.xcassets in Resources */ = {isa = PBXBuildFile; fileRef = 221820632B0EFFFB000996AD /* Preview Assets.xcassets */; };
		222F564A2B0F120C009C6D12 /* WidgetKit.framework in Frameworks */ = {isa = PBXBuildFile; fileRef = 222F56492B0F120C009C6D12 /* WidgetKit.framework */; };
		222F564C2B0F120C009C6D12 /* SwiftUI.framework in Frameworks */ = {isa = PBXBuildFile; fileRef = 222F564B2B0F120C009C6D12 /* SwiftUI.framework */; };
		222F564F2B0F120C009C6D12 /* MoodyWidgetBundle.swift in Sources */ = {isa = PBXBuildFile; fileRef = 222F564E2B0F120C009C6D12 /* MoodyWidgetBundle.swift */; };
		222F56512B0F120C009C6D12 /* TodayMoodWidget.swift in Sources */ = {isa = PBXBuildFile; fileRef = 222F56502B0F120C009C6D12 /* TodayMoodWidget.swift */; };
		222F56532B0F120D009C6D12 /* Assets.xcassets in Resources */ = {isa = PBXBuildFile; fileRef = 222F56522B0F120D009C6D12 /* Assets.xcassets */; };
		222F56572B0F120D009C6D12 /* MoodyWidgetExtension.appex in Embed Foundation Extensions */ = {isa = PBXBuildFile; fileRef = 222F56472B0F120C009C6D12 /* MoodyWidgetExtension.appex */; settings = {ATTRIBUTES = (RemoveHeadersOnCopy, ); }; };
		222F56622B0F13B1009C6D12 /* MoodImageModel.swift in Sources */ = {isa = PBXBuildFile; fileRef = 222F56612B0F13B1009C6D12 /* MoodImageModel.swift */; };
		222F56642B0F13F0009C6D12 /* MoodImageGridViewModel.swift in Sources */ = {isa = PBXBuildFile; fileRef = 222F56632B0F13F0009C6D12 /* MoodImageGridViewModel.swift */; };
		222F56A52B0F1EA5009C6D12 /* FixedMoodWidget.intentdefinition in Sources */ = {isa = PBXBuildFile; fileRef = 222F56A42B0F1EA5009C6D12 /* FixedMoodWidget.intentdefinition */; };
		222F56AC2B0F2015009C6D12 /* Intents.framework in Frameworks */ = {isa = PBXBuildFile; fileRef = 222F56AB2B0F2015009C6D12 /* Intents.framework */; };
		222F56AF2B0F2015009C6D12 /* IntentHandler.swift in Sources */ = {isa = PBXBuildFile; fileRef = 222F56AE2B0F2015009C6D12 /* IntentHandler.swift */; };
		222F56B32B0F2015009C6D12 /* FixedMoodyWidget.appex in Embed Foundation Extensions */ = {isa = PBXBuildFile; fileRef = 222F56AA2B0F2015009C6D12 /* FixedMoodyWidget.appex */; settings = {ATTRIBUTES = (RemoveHeadersOnCopy, ); }; };
		222F56B72B0F20F5009C6D12 /* FixedMoodWidget.intentdefinition in Sources */ = {isa = PBXBuildFile; fileRef = 222F56A42B0F1EA5009C6D12 /* FixedMoodWidget.intentdefinition */; };
		222F56B82B0F20F6009C6D12 /* FixedMoodWidget.intentdefinition in Sources */ = {isa = PBXBuildFile; fileRef = 222F56A42B0F1EA5009C6D12 /* FixedMoodWidget.intentdefinition */; };
		222F56BA2B0F22C2009C6D12 /* FixedMoodWidget.swift in Sources */ = {isa = PBXBuildFile; fileRef = 222F56662B0F1ACF009C6D12 /* FixedMoodWidget.swift */; };
		222F56BB2B0F22CA009C6D12 /* StaticValue.swift in Sources */ = {isa = PBXBuildFile; fileRef = 222F565F2B0F1394009C6D12 /* StaticValue.swift */; };
		222F56BC2B0F22D2009C6D12 /* MoodImageModel.swift in Sources */ = {isa = PBXBuildFile; fileRef = 222F56612B0F13B1009C6D12 /* MoodImageModel.swift */; };
		222F56BD2B0F22D2009C6D12 /* MoodImageModel.swift in Sources */ = {isa = PBXBuildFile; fileRef = 222F56612B0F13B1009C6D12 /* MoodImageModel.swift */; };
/* End PBXBuildFile section */

/* Begin PBXContainerItemProxy section */
		222F56552B0F120D009C6D12 /* PBXContainerItemProxy */ = {
			isa = PBXContainerItemProxy;
			containerPortal = 221820512B0EFFF9000996AD /* Project object */;
			proxyType = 1;
			remoteGlobalIDString = 222F56462B0F120C009C6D12;
			remoteInfo = MoodyWidgetExtension;
		};
		222F56B12B0F2015009C6D12 /* PBXContainerItemProxy */ = {
			isa = PBXContainerItemProxy;
			containerPortal = 221820512B0EFFF9000996AD /* Project object */;
			proxyType = 1;
			remoteGlobalIDString = 222F56A92B0F2015009C6D12;
			remoteInfo = FixedMoodyWidget;
		};
/* End PBXContainerItemProxy section */

/* Begin PBXCopyFilesBuildPhase section */
		222F56582B0F120D009C6D12 /* Embed Foundation Extensions */ = {
			isa = PBXCopyFilesBuildPhase;
			buildActionMask = 2147483647;
			dstPath = "";
			dstSubfolderSpec = 13;
			files = (
				222F56B32B0F2015009C6D12 /* FixedMoodyWidget.appex in Embed Foundation Extensions */,
				222F56572B0F120D009C6D12 /* MoodyWidgetExtension.appex in Embed Foundation Extensions */,
			);
			name = "Embed Foundation Extensions";
			runOnlyForDeploymentPostprocessing = 0;
		};
/* End PBXCopyFilesBuildPhase section */

/* Begin PBXFileReference section */
		221820592B0EFFF9000996AD /* MoodyApp.app */ = {isa = PBXFileReference; explicitFileType = wrapper.application; includeInIndex = 0; path = MoodyApp.app; sourceTree = BUILT_PRODUCTS_DIR; };
		2218205C2B0EFFF9000996AD /* MoodyAppApp.swift */ = {isa = PBXFileReference; lastKnownFileType = sourcecode.swift; path = MoodyAppApp.swift; sourceTree = "<group>"; };
		2218205E2B0EFFF9000996AD /* ContentView.swift */ = {isa = PBXFileReference; lastKnownFileType = sourcecode.swift; path = ContentView.swift; sourceTree = "<group>"; };
		221820602B0EFFFB000996AD /* Assets.xcassets */ = {isa = PBXFileReference; lastKnownFileType = folder.assetcatalog; path = Assets.xcassets; sourceTree = "<group>"; };
		221820632B0EFFFB000996AD /* Preview Assets.xcassets */ = {isa = PBXFileReference; lastKnownFileType = folder.assetcatalog; path = "Preview Assets.xcassets"; sourceTree = "<group>"; };
		2218206A2B0F0F7C000996AD /* MoodyApp.entitlements */ = {isa = PBXFileReference; lastKnownFileType = text.plist.entitlements; path = MoodyApp.entitlements; sourceTree = "<group>"; };
		222F56472B0F120C009C6D12 /* MoodyWidgetExtension.appex */ = {isa = PBXFileReference; explicitFileType = "wrapper.app-extension"; includeInIndex = 0; path = MoodyWidgetExtension.appex; sourceTree = BUILT_PRODUCTS_DIR; };
		222F56492B0F120C009C6D12 /* WidgetKit.framework */ = {isa = PBXFileReference; lastKnownFileType = wrapper.framework; name = WidgetKit.framework; path = System/Library/Frameworks/WidgetKit.framework; sourceTree = SDKROOT; };
		222F564B2B0F120C009C6D12 /* SwiftUI.framework */ = {isa = PBXFileReference; lastKnownFileType = wrapper.framework; name = SwiftUI.framework; path = System/Library/Frameworks/SwiftUI.framework; sourceTree = SDKROOT; };
		222F564E2B0F120C009C6D12 /* MoodyWidgetBundle.swift */ = {isa = PBXFileReference; lastKnownFileType = sourcecode.swift; path = MoodyWidgetBundle.swift; sourceTree = "<group>"; };
		222F56502B0F120C009C6D12 /* TodayMoodWidget.swift */ = {isa = PBXFileReference; lastKnownFileType = sourcecode.swift; path = TodayMoodWidget.swift; sourceTree = "<group>"; };
		222F56522B0F120D009C6D12 /* Assets.xcassets */ = {isa = PBXFileReference; lastKnownFileType = folder.assetcatalog; path = Assets.xcassets; sourceTree = "<group>"; };
		222F56542B0F120D009C6D12 /* Info.plist */ = {isa = PBXFileReference; lastKnownFileType = text.plist.xml; path = Info.plist; sourceTree = "<group>"; };
		222F565C2B0F1218009C6D12 /* MoodyWidgetExtension.entitlements */ = {isa = PBXFileReference; lastKnownFileType = text.plist.entitlements; path = MoodyWidgetExtension.entitlements; sourceTree = "<group>"; };
		222F565F2B0F1394009C6D12 /* StaticValue.swift */ = {isa = PBXFileReference; lastKnownFileType = sourcecode.swift; path = StaticValue.swift; sourceTree = "<group>"; };
		222F56612B0F13B1009C6D12 /* MoodImageModel.swift */ = {isa = PBXFileReference; lastKnownFileType = sourcecode.swift; path = MoodImageModel.swift; sourceTree = "<group>"; };
		222F56632B0F13F0009C6D12 /* MoodImageGridViewModel.swift */ = {isa = PBXFileReference; lastKnownFileType = sourcecode.swift; path = MoodImageGridViewModel.swift; sourceTree = "<group>"; };
		222F56662B0F1ACF009C6D12 /* FixedMoodWidget.swift */ = {isa = PBXFileReference; lastKnownFileType = sourcecode.swift; path = FixedMoodWidget.swift; sourceTree = "<group>"; };
		222F56A42B0F1EA5009C6D12 /* FixedMoodWidget.intentdefinition */ = {isa = PBXFileReference; lastKnownFileType = file.intentdefinition; path = FixedMoodWidget.intentdefinition; sourceTree = "<group>"; };
		222F56AA2B0F2015009C6D12 /* FixedMoodyWidget.appex */ = {isa = PBXFileReference; explicitFileType = "wrapper.app-extension"; includeInIndex = 0; path = FixedMoodyWidget.appex; sourceTree = BUILT_PRODUCTS_DIR; };
		222F56AB2B0F2015009C6D12 /* Intents.framework */ = {isa = PBXFileReference; lastKnownFileType = wrapper.framework; name = Intents.framework; path = System/Library/Frameworks/Intents.framework; sourceTree = SDKROOT; };
		222F56AE2B0F2015009C6D12 /* IntentHandler.swift */ = {isa = PBXFileReference; lastKnownFileType = sourcecode.swift; path = IntentHandler.swift; sourceTree = "<group>"; };
		222F56B02B0F2015009C6D12 /* Info.plist */ = {isa = PBXFileReference; lastKnownFileType = text.plist.xml; path = Info.plist; sourceTree = "<group>"; };
		222F56B92B0F21F5009C6D12 /* Info.plist */ = {isa = PBXFileReference; lastKnownFileType = text.plist; path = Info.plist; sourceTree = "<group>"; };
/* End PBXFileReference section */

/* Begin PBXFrameworksBuildPhase section */
		221820562B0EFFF9000996AD /* Frameworks */ = {
			isa = PBXFrameworksBuildPhase;
			buildActionMask = 2147483647;
			files = (
			);
			runOnlyForDeploymentPostprocessing = 0;
		};
		222F56442B0F120C009C6D12 /* Frameworks */ = {
			isa = PBXFrameworksBuildPhase;
			buildActionMask = 2147483647;
			files = (
				222F564C2B0F120C009C6D12 /* SwiftUI.framework in Frameworks */,
				222F564A2B0F120C009C6D12 /* WidgetKit.framework in Frameworks */,
			);
			runOnlyForDeploymentPostprocessing = 0;
		};
		222F56A72B0F2015009C6D12 /* Frameworks */ = {
			isa = PBXFrameworksBuildPhase;
			buildActionMask = 2147483647;
			files = (
				222F56AC2B0F2015009C6D12 /* Intents.framework in Frameworks */,
			);
			runOnlyForDeploymentPostprocessing = 0;
		};
/* End PBXFrameworksBuildPhase section */

/* Begin PBXGroup section */
		221820502B0EFFF9000996AD = {
			isa = PBXGroup;
			children = (
				222F565C2B0F1218009C6D12 /* MoodyWidgetExtension.entitlements */,
				2218205B2B0EFFF9000996AD /* MoodyApp */,
				222F564D2B0F120C009C6D12 /* MoodyWidget */,
				222F56AD2B0F2015009C6D12 /* FixedMoodyWidget */,
				222F56482B0F120C009C6D12 /* Frameworks */,
				2218205A2B0EFFF9000996AD /* Products */,
			);
			sourceTree = "<group>";
		};
		2218205A2B0EFFF9000996AD /* Products */ = {
			isa = PBXGroup;
			children = (
				221820592B0EFFF9000996AD /* MoodyApp.app */,
				222F56472B0F120C009C6D12 /* MoodyWidgetExtension.appex */,
				222F56AA2B0F2015009C6D12 /* FixedMoodyWidget.appex */,
			);
			name = Products;
			sourceTree = "<group>";
		};
		2218205B2B0EFFF9000996AD /* MoodyApp */ = {
			isa = PBXGroup;
			children = (
				222F56B92B0F21F5009C6D12 /* Info.plist */,
				2218206A2B0F0F7C000996AD /* MoodyApp.entitlements */,
				2218205C2B0EFFF9000996AD /* MoodyAppApp.swift */,
				2218205E2B0EFFF9000996AD /* ContentView.swift */,
				222F56612B0F13B1009C6D12 /* MoodImageModel.swift */,
				222F56632B0F13F0009C6D12 /* MoodImageGridViewModel.swift */,
				221820602B0EFFFB000996AD /* Assets.xcassets */,
				221820622B0EFFFB000996AD /* Preview Content */,
			);
			path = MoodyApp;
			sourceTree = "<group>";
		};
		221820622B0EFFFB000996AD /* Preview Content */ = {
			isa = PBXGroup;
			children = (
				221820632B0EFFFB000996AD /* Preview Assets.xcassets */,
			);
			path = "Preview Content";
			sourceTree = "<group>";
		};
		222F56482B0F120C009C6D12 /* Frameworks */ = {
			isa = PBXGroup;
			children = (
				222F56492B0F120C009C6D12 /* WidgetKit.framework */,
				222F564B2B0F120C009C6D12 /* SwiftUI.framework */,
				222F56AB2B0F2015009C6D12 /* Intents.framework */,
			);
			name = Frameworks;
			sourceTree = "<group>";
		};
		222F564D2B0F120C009C6D12 /* MoodyWidget */ = {
			isa = PBXGroup;
			children = (
				222F564E2B0F120C009C6D12 /* MoodyWidgetBundle.swift */,
				222F565D2B0F1381009C6D12 /* TodayMood */,
				222F56652B0F1A94009C6D12 /* FixedMood */,
				222F56522B0F120D009C6D12 /* Assets.xcassets */,
				222F56542B0F120D009C6D12 /* Info.plist */,
			);
			path = MoodyWidget;
			sourceTree = "<group>";
		};
		222F565D2B0F1381009C6D12 /* TodayMood */ = {
			isa = PBXGroup;
			children = (
				222F565E2B0F1388009C6D12 /* Entity */,
				222F56502B0F120C009C6D12 /* TodayMoodWidget.swift */,
			);
			path = TodayMood;
			sourceTree = "<group>";
		};
		222F565E2B0F1388009C6D12 /* Entity */ = {
			isa = PBXGroup;
			children = (
				222F565F2B0F1394009C6D12 /* StaticValue.swift */,
			);
			path = Entity;
			sourceTree = "<group>";
		};
		222F56652B0F1A94009C6D12 /* FixedMood */ = {
			isa = PBXGroup;
			children = (
				222F56A42B0F1EA5009C6D12 /* FixedMoodWidget.intentdefinition */,
				222F56662B0F1ACF009C6D12 /* FixedMoodWidget.swift */,
			);
			path = FixedMood;
			sourceTree = "<group>";
		};
		222F56AD2B0F2015009C6D12 /* FixedMoodyWidget */ = {
			isa = PBXGroup;
			children = (
				222F56AE2B0F2015009C6D12 /* IntentHandler.swift */,
				222F56B02B0F2015009C6D12 /* Info.plist */,
			);
			path = FixedMoodyWidget;
			sourceTree = "<group>";
		};
/* End PBXGroup section */

/* Begin PBXNativeTarget section */
		221820582B0EFFF9000996AD /* MoodyApp */ = {
			isa = PBXNativeTarget;
			buildConfigurationList = 221820672B0EFFFB000996AD /* Build configuration list for PBXNativeTarget "MoodyApp" */;
			buildPhases = (
				221820552B0EFFF9000996AD /* Sources */,
				221820562B0EFFF9000996AD /* Frameworks */,
				221820572B0EFFF9000996AD /* Resources */,
				222F56582B0F120D009C6D12 /* Embed Foundation Extensions */,
			);
			buildRules = (
			);
			dependencies = (
				222F56562B0F120D009C6D12 /* PBXTargetDependency */,
				222F56B22B0F2015009C6D12 /* PBXTargetDependency */,
			);
			name = MoodyApp;
			productName = MoodyApp;
			productReference = 221820592B0EFFF9000996AD /* MoodyApp.app */;
			productType = "com.apple.product-type.application";
		};
		222F56462B0F120C009C6D12 /* MoodyWidgetExtension */ = {
			isa = PBXNativeTarget;
			buildConfigurationList = 222F565B2B0F120D009C6D12 /* Build configuration list for PBXNativeTarget "MoodyWidgetExtension" */;
			buildPhases = (
				222F56432B0F120C009C6D12 /* Sources */,
				222F56442B0F120C009C6D12 /* Frameworks */,
				222F56452B0F120C009C6D12 /* Resources */,
			);
			buildRules = (
			);
			dependencies = (
			);
			name = MoodyWidgetExtension;
			productName = MoodyWidgetExtension;
			productReference = 222F56472B0F120C009C6D12 /* MoodyWidgetExtension.appex */;
			productType = "com.apple.product-type.app-extension";
		};
		222F56A92B0F2015009C6D12 /* FixedMoodyWidget */ = {
			isa = PBXNativeTarget;
			buildConfigurationList = 222F56B42B0F2015009C6D12 /* Build configuration list for PBXNativeTarget "FixedMoodyWidget" */;
			buildPhases = (
				222F56A62B0F2015009C6D12 /* Sources */,
				222F56A72B0F2015009C6D12 /* Frameworks */,
				222F56A82B0F2015009C6D12 /* Resources */,
			);
			buildRules = (
			);
			dependencies = (
			);
			name = FixedMoodyWidget;
			productName = FixedMoodyWidget;
			productReference = 222F56AA2B0F2015009C6D12 /* FixedMoodyWidget.appex */;
			productType = "com.apple.product-type.app-extension";
		};
/* End PBXNativeTarget section */

/* Begin PBXProject section */
		221820512B0EFFF9000996AD /* Project object */ = {
			isa = PBXProject;
			attributes = {
				BuildIndependentTargetsInParallel = 1;
				LastSwiftUpdateCheck = 1500;
				LastUpgradeCheck = 1500;
				TargetAttributes = {
					221820582B0EFFF9000996AD = {
						CreatedOnToolsVersion = 15.0;
					};
					222F56462B0F120C009C6D12 = {
						CreatedOnToolsVersion = 15.0;
					};
					222F56A92B0F2015009C6D12 = {
						CreatedOnToolsVersion = 15.0;
					};
				};
			};
			buildConfigurationList = 221820542B0EFFF9000996AD /* Build configuration list for PBXProject "MoodyApp" */;
			compatibilityVersion = "Xcode 14.0";
			developmentRegion = en;
			hasScannedForEncodings = 0;
			knownRegions = (
				en,
				Base,
			);
			mainGroup = 221820502B0EFFF9000996AD;
			productRefGroup = 2218205A2B0EFFF9000996AD /* Products */;
			projectDirPath = "";
			projectRoot = "";
			targets = (
				221820582B0EFFF9000996AD /* MoodyApp */,
				222F56462B0F120C009C6D12 /* MoodyWidgetExtension */,
				222F56A92B0F2015009C6D12 /* FixedMoodyWidget */,
			);
		};
/* End PBXProject section */

/* Begin PBXResourcesBuildPhase section */
		221820572B0EFFF9000996AD /* Resources */ = {
			isa = PBXResourcesBuildPhase;
			buildActionMask = 2147483647;
			files = (
				221820642B0EFFFB000996AD /* Preview Assets.xcassets in Resources */,
				221820612B0EFFFB000996AD /* Assets.xcassets in Resources */,
			);
			runOnlyForDeploymentPostprocessing = 0;
		};
		222F56452B0F120C009C6D12 /* Resources */ = {
			isa = PBXResourcesBuildPhase;
			buildActionMask = 2147483647;
			files = (
				222F56532B0F120D009C6D12 /* Assets.xcassets in Resources */,
			);
			runOnlyForDeploymentPostprocessing = 0;
		};
		222F56A82B0F2015009C6D12 /* Resources */ = {
			isa = PBXResourcesBuildPhase;
			buildActionMask = 2147483647;
			files = (
			);
			runOnlyForDeploymentPostprocessing = 0;
		};
/* End PBXResourcesBuildPhase section */

/* Begin PBXSourcesBuildPhase section */
		221820552B0EFFF9000996AD /* Sources */ = {
			isa = PBXSourcesBuildPhase;
			buildActionMask = 2147483647;
			files = (
				222F56B82B0F20F6009C6D12 /* FixedMoodWidget.intentdefinition in Sources */,
				222F56622B0F13B1009C6D12 /* MoodImageModel.swift in Sources */,
				222F56642B0F13F0009C6D12 /* MoodImageGridViewModel.swift in Sources */,
				2218205F2B0EFFF9000996AD /* ContentView.swift in Sources */,
				2218205D2B0EFFF9000996AD /* MoodyAppApp.swift in Sources */,
			);
			runOnlyForDeploymentPostprocessing = 0;
		};
		222F56432B0F120C009C6D12 /* Sources */ = {
			isa = PBXSourcesBuildPhase;
			buildActionMask = 2147483647;
			files = (
				222F56A52B0F1EA5009C6D12 /* FixedMoodWidget.intentdefinition in Sources */,
				222F56512B0F120C009C6D12 /* TodayMoodWidget.swift in Sources */,
				222F56BB2B0F22CA009C6D12 /* StaticValue.swift in Sources */,
				222F564F2B0F120C009C6D12 /* MoodyWidgetBundle.swift in Sources */,
				222F56BD2B0F22D2009C6D12 /* MoodImageModel.swift in Sources */,
				222F56BA2B0F22C2009C6D12 /* FixedMoodWidget.swift in Sources */,
			);
			runOnlyForDeploymentPostprocessing = 0;
		};
		222F56A62B0F2015009C6D12 /* Sources */ = {
			isa = PBXSourcesBuildPhase;
			buildActionMask = 2147483647;
			files = (
				222F56B72B0F20F5009C6D12 /* FixedMoodWidget.intentdefinition in Sources */,
				222F56BC2B0F22D2009C6D12 /* MoodImageModel.swift in Sources */,
				222F56AF2B0F2015009C6D12 /* IntentHandler.swift in Sources */,
			);
			runOnlyForDeploymentPostprocessing = 0;
		};
/* End PBXSourcesBuildPhase section */

/* Begin PBXTargetDependency section */
		222F56562B0F120D009C6D12 /* PBXTargetDependency */ = {
			isa = PBXTargetDependency;
			target = 222F56462B0F120C009C6D12 /* MoodyWidgetExtension */;
			targetProxy = 222F56552B0F120D009C6D12 /* PBXContainerItemProxy */;
		};
		222F56B22B0F2015009C6D12 /* PBXTargetDependency */ = {
			isa = PBXTargetDependency;
			target = 222F56A92B0F2015009C6D12 /* FixedMoodyWidget */;
			targetProxy = 222F56B12B0F2015009C6D12 /* PBXContainerItemProxy */;
		};
/* End PBXTargetDependency section */

/* Begin XCBuildConfiguration section */
		221820652B0EFFFB000996AD /* Debug */ = {
			isa = XCBuildConfiguration;
			buildSettings = {
				ALWAYS_SEARCH_USER_PATHS = NO;
				ASSETCATALOG_COMPILER_GENERATE_SWIFT_ASSET_SYMBOL_EXTENSIONS = YES;
				CLANG_ANALYZER_NONNULL = YES;
				CLANG_ANALYZER_NUMBER_OBJECT_CONVERSION = YES_AGGRESSIVE;
				CLANG_CXX_LANGUAGE_STANDARD = "gnu++20";
				CLANG_ENABLE_MODULES = YES;
				CLANG_ENABLE_OBJC_ARC = YES;
				CLANG_ENABLE_OBJC_WEAK = YES;
				CLANG_WARN_BLOCK_CAPTURE_AUTORELEASING = YES;
				CLANG_WARN_BOOL_CONVERSION = YES;
				CLANG_WARN_COMMA = YES;
				CLANG_WARN_CONSTANT_CONVERSION = YES;
				CLANG_WARN_DEPRECATED_OBJC_IMPLEMENTATIONS = YES;
				CLANG_WARN_DIRECT_OBJC_ISA_USAGE = YES_ERROR;
				CLANG_WARN_DOCUMENTATION_COMMENTS = YES;
				CLANG_WARN_EMPTY_BODY = YES;
				CLANG_WARN_ENUM_CONVERSION = YES;
				CLANG_WARN_INFINITE_RECURSION = YES;
				CLANG_WARN_INT_CONVERSION = YES;
				CLANG_WARN_NON_LITERAL_NULL_CONVERSION = YES;
				CLANG_WARN_OBJC_IMPLICIT_RETAIN_SELF = YES;
				CLANG_WARN_OBJC_LITERAL_CONVERSION = YES;
				CLANG_WARN_OBJC_ROOT_CLASS = YES_ERROR;
				CLANG_WARN_QUOTED_INCLUDE_IN_FRAMEWORK_HEADER = YES;
				CLANG_WARN_RANGE_LOOP_ANALYSIS = YES;
				CLANG_WARN_STRICT_PROTOTYPES = YES;
				CLANG_WARN_SUSPICIOUS_MOVE = YES;
				CLANG_WARN_UNGUARDED_AVAILABILITY = YES_AGGRESSIVE;
				CLANG_WARN_UNREACHABLE_CODE = YES;
				CLANG_WARN__DUPLICATE_METHOD_MATCH = YES;
				COPY_PHASE_STRIP = NO;
				DEBUG_INFORMATION_FORMAT = dwarf;
				ENABLE_STRICT_OBJC_MSGSEND = YES;
				ENABLE_TESTABILITY = YES;
				ENABLE_USER_SCRIPT_SANDBOXING = YES;
				GCC_C_LANGUAGE_STANDARD = gnu17;
				GCC_DYNAMIC_NO_PIC = NO;
				GCC_NO_COMMON_BLOCKS = YES;
				GCC_OPTIMIZATION_LEVEL = 0;
				GCC_PREPROCESSOR_DEFINITIONS = (
					"DEBUG=1",
					"$(inherited)",
				);
				GCC_WARN_64_TO_32_BIT_CONVERSION = YES;
				GCC_WARN_ABOUT_RETURN_TYPE = YES_ERROR;
				GCC_WARN_UNDECLARED_SELECTOR = YES;
				GCC_WARN_UNINITIALIZED_AUTOS = YES_AGGRESSIVE;
				GCC_WARN_UNUSED_FUNCTION = YES;
				GCC_WARN_UNUSED_VARIABLE = YES;
				IPHONEOS_DEPLOYMENT_TARGET = 17.0;
				LOCALIZATION_PREFERS_STRING_CATALOGS = YES;
				MTL_ENABLE_DEBUG_INFO = INCLUDE_SOURCE;
				MTL_FAST_MATH = YES;
				ONLY_ACTIVE_ARCH = YES;
				SDKROOT = iphoneos;
				SWIFT_ACTIVE_COMPILATION_CONDITIONS = "DEBUG $(inherited)";
				SWIFT_OPTIMIZATION_LEVEL = "-Onone";
			};
			name = Debug;
		};
		221820662B0EFFFB000996AD /* Release */ = {
			isa = XCBuildConfiguration;
			buildSettings = {
				ALWAYS_SEARCH_USER_PATHS = NO;
				ASSETCATALOG_COMPILER_GENERATE_SWIFT_ASSET_SYMBOL_EXTENSIONS = YES;
				CLANG_ANALYZER_NONNULL = YES;
				CLANG_ANALYZER_NUMBER_OBJECT_CONVERSION = YES_AGGRESSIVE;
				CLANG_CXX_LANGUAGE_STANDARD = "gnu++20";
				CLANG_ENABLE_MODULES = YES;
				CLANG_ENABLE_OBJC_ARC = YES;
				CLANG_ENABLE_OBJC_WEAK = YES;
				CLANG_WARN_BLOCK_CAPTURE_AUTORELEASING = YES;
				CLANG_WARN_BOOL_CONVERSION = YES;
				CLANG_WARN_COMMA = YES;
				CLANG_WARN_CONSTANT_CONVERSION = YES;
				CLANG_WARN_DEPRECATED_OBJC_IMPLEMENTATIONS = YES;
				CLANG_WARN_DIRECT_OBJC_ISA_USAGE = YES_ERROR;
				CLANG_WARN_DOCUMENTATION_COMMENTS = YES;
				CLANG_WARN_EMPTY_BODY = YES;
				CLANG_WARN_ENUM_CONVERSION = YES;
				CLANG_WARN_INFINITE_RECURSION = YES;
				CLANG_WARN_INT_CONVERSION = YES;
				CLANG_WARN_NON_LITERAL_NULL_CONVERSION = YES;
				CLANG_WARN_OBJC_IMPLICIT_RETAIN_SELF = YES;
				CLANG_WARN_OBJC_LITERAL_CONVERSION = YES;
				CLANG_WARN_OBJC_ROOT_CLASS = YES_ERROR;
				CLANG_WARN_QUOTED_INCLUDE_IN_FRAMEWORK_HEADER = YES;
				CLANG_WARN_RANGE_LOOP_ANALYSIS = YES;
				CLANG_WARN_STRICT_PROTOTYPES = YES;
				CLANG_WARN_SUSPICIOUS_MOVE = YES;
				CLANG_WARN_UNGUARDED_AVAILABILITY = YES_AGGRESSIVE;
				CLANG_WARN_UNREACHABLE_CODE = YES;
				CLANG_WARN__DUPLICATE_METHOD_MATCH = YES;
				COPY_PHASE_STRIP = NO;
				DEBUG_INFORMATION_FORMAT = "dwarf-with-dsym";
				ENABLE_NS_ASSERTIONS = NO;
				ENABLE_STRICT_OBJC_MSGSEND = YES;
				ENABLE_USER_SCRIPT_SANDBOXING = YES;
				GCC_C_LANGUAGE_STANDARD = gnu17;
				GCC_NO_COMMON_BLOCKS = YES;
				GCC_WARN_64_TO_32_BIT_CONVERSION = YES;
				GCC_WARN_ABOUT_RETURN_TYPE = YES_ERROR;
				GCC_WARN_UNDECLARED_SELECTOR = YES;
				GCC_WARN_UNINITIALIZED_AUTOS = YES_AGGRESSIVE;
				GCC_WARN_UNUSED_FUNCTION = YES;
				GCC_WARN_UNUSED_VARIABLE = YES;
				IPHONEOS_DEPLOYMENT_TARGET = 17.0;
				LOCALIZATION_PREFERS_STRING_CATALOGS = YES;
				MTL_ENABLE_DEBUG_INFO = NO;
				MTL_FAST_MATH = YES;
				SDKROOT = iphoneos;
				SWIFT_COMPILATION_MODE = wholemodule;
				VALIDATE_PRODUCT = YES;
			};
			name = Release;
		};
		221820682B0EFFFB000996AD /* Debug */ = {
			isa = XCBuildConfiguration;
			buildSettings = {
				ALWAYS_EMBED_SWIFT_STANDARD_LIBRARIES = YES;
				ASSETCATALOG_COMPILER_APPICON_NAME = AppIcon;
				ASSETCATALOG_COMPILER_GLOBAL_ACCENT_COLOR_NAME = AccentColor;
				CODE_SIGN_ENTITLEMENTS = MoodyApp/MoodyApp.entitlements;
				CODE_SIGN_STYLE = Automatic;
				CURRENT_PROJECT_VERSION = 1;
				DEVELOPMENT_ASSET_PATHS = "\"MoodyApp/Preview Content\"";
				DEVELOPMENT_TEAM = 27FY64RUCC;
				ENABLE_PREVIEWS = YES;
				GENERATE_INFOPLIST_FILE = YES;
				INFOPLIST_FILE = MoodyApp/Info.plist;
				INFOPLIST_KEY_UIApplicationSceneManifest_Generation = YES;
				INFOPLIST_KEY_UIApplicationSupportsIndirectInputEvents = YES;
				INFOPLIST_KEY_UILaunchScreen_Generation = YES;
				INFOPLIST_KEY_UISupportedInterfaceOrientations_iPad = "UIInterfaceOrientationPortrait UIInterfaceOrientationPortraitUpsideDown UIInterfaceOrientationLandscapeLeft UIInterfaceOrientationLandscapeRight";
				INFOPLIST_KEY_UISupportedInterfaceOrientations_iPhone = "UIInterfaceOrientationPortrait UIInterfaceOrientationLandscapeLeft UIInterfaceOrientationLandscapeRight";
				LD_RUNPATH_SEARCH_PATHS = (
					"$(inherited)",
					"@executable_path/Frameworks",
				);
				MARKETING_VERSION = 1.0;
				PRODUCT_BUNDLE_IDENTIFIER = com.sorawitt.MoodyApp;
				PRODUCT_NAME = "$(TARGET_NAME)";
				SWIFT_EMIT_LOC_STRINGS = YES;
				SWIFT_VERSION = 5.0;
				TARGETED_DEVICE_FAMILY = "1,2";
			};
			name = Debug;
		};
		221820692B0EFFFB000996AD /* Release */ = {
			isa = XCBuildConfiguration;
			buildSettings = {
				ALWAYS_EMBED_SWIFT_STANDARD_LIBRARIES = YES;
				ASSETCATALOG_COMPILER_APPICON_NAME = AppIcon;
				ASSETCATALOG_COMPILER_GLOBAL_ACCENT_COLOR_NAME = AccentColor;
				CODE_SIGN_ENTITLEMENTS = MoodyApp/MoodyApp.entitlements;
				CODE_SIGN_STYLE = Automatic;
				CURRENT_PROJECT_VERSION = 1;
				DEVELOPMENT_ASSET_PATHS = "\"MoodyApp/Preview Content\"";
				DEVELOPMENT_TEAM = 27FY64RUCC;
				ENABLE_PREVIEWS = YES;
				GENERATE_INFOPLIST_FILE = YES;
				INFOPLIST_FILE = MoodyApp/Info.plist;
				INFOPLIST_KEY_UIApplicationSceneManifest_Generation = YES;
				INFOPLIST_KEY_UIApplicationSupportsIndirectInputEvents = YES;
				INFOPLIST_KEY_UILaunchScreen_Generation = YES;
				INFOPLIST_KEY_UISupportedInterfaceOrientations_iPad = "UIInterfaceOrientationPortrait UIInterfaceOrientationPortraitUpsideDown UIInterfaceOrientationLandscapeLeft UIInterfaceOrientationLandscapeRight";
				INFOPLIST_KEY_UISupportedInterfaceOrientations_iPhone = "UIInterfaceOrientationPortrait UIInterfaceOrientationLandscapeLeft UIInterfaceOrientationLandscapeRight";
				LD_RUNPATH_SEARCH_PATHS = (
					"$(inherited)",
					"@executable_path/Frameworks",
				);
				MARKETING_VERSION = 1.0;
				PRODUCT_BUNDLE_IDENTIFIER = com.sorawitt.MoodyApp;
				PRODUCT_NAME = "$(TARGET_NAME)";
				SWIFT_EMIT_LOC_STRINGS = YES;
				SWIFT_VERSION = 5.0;
				TARGETED_DEVICE_FAMILY = "1,2";
			};
			name = Release;
		};
		222F56592B0F120D009C6D12 /* Debug */ = {
			isa = XCBuildConfiguration;
			buildSettings = {
				ASSETCATALOG_COMPILER_GLOBAL_ACCENT_COLOR_NAME = AccentColor;
				ASSETCATALOG_COMPILER_WIDGET_BACKGROUND_COLOR_NAME = WidgetBackground;
				CODE_SIGN_ENTITLEMENTS = MoodyWidgetExtension.entitlements;
				CODE_SIGN_STYLE = Automatic;
				CURRENT_PROJECT_VERSION = 1;
				DEVELOPMENT_TEAM = 27FY64RUCC;
				GENERATE_INFOPLIST_FILE = YES;
				INFOPLIST_FILE = MoodyWidget/Info.plist;
				INFOPLIST_KEY_CFBundleDisplayName = MoodyWidget;
				INFOPLIST_KEY_NSHumanReadableCopyright = "";
				LD_RUNPATH_SEARCH_PATHS = (
					"$(inherited)",
					"@executable_path/Frameworks",
					"@executable_path/../../Frameworks",
				);
				MARKETING_VERSION = 1.0;
				PRODUCT_BUNDLE_IDENTIFIER = com.sorawitt.MoodyApp.MoodyWidget;
				PRODUCT_NAME = "$(TARGET_NAME)";
				SKIP_INSTALL = YES;
				SWIFT_EMIT_LOC_STRINGS = YES;
				SWIFT_VERSION = 5.0;
				TARGETED_DEVICE_FAMILY = "1,2";
			};
			name = Debug;
		};
		222F565A2B0F120D009C6D12 /* Release */ = {
			isa = XCBuildConfiguration;
			buildSettings = {
				ASSETCATALOG_COMPILER_GLOBAL_ACCENT_COLOR_NAME = AccentColor;
				ASSETCATALOG_COMPILER_WIDGET_BACKGROUND_COLOR_NAME = WidgetBackground;
				CODE_SIGN_ENTITLEMENTS = MoodyWidgetExtension.entitlements;
				CODE_SIGN_STYLE = Automatic;
				CURRENT_PROJECT_VERSION = 1;
				DEVELOPMENT_TEAM = 27FY64RUCC;
				GENERATE_INFOPLIST_FILE = YES;
				INFOPLIST_FILE = MoodyWidget/Info.plist;
				INFOPLIST_KEY_CFBundleDisplayName = MoodyWidget;
				INFOPLIST_KEY_NSHumanReadableCopyright = "";
				LD_RUNPATH_SEARCH_PATHS = (
					"$(inherited)",
					"@executable_path/Frameworks",
					"@executable_path/../../Frameworks",
				);
				MARKETING_VERSION = 1.0;
				PRODUCT_BUNDLE_IDENTIFIER = com.sorawitt.MoodyApp.MoodyWidget;
				PRODUCT_NAME = "$(TARGET_NAME)";
				SKIP_INSTALL = YES;
				SWIFT_EMIT_LOC_STRINGS = YES;
				SWIFT_VERSION = 5.0;
				TARGETED_DEVICE_FAMILY = "1,2";
			};
			name = Release;
		};
		222F56B52B0F2015009C6D12 /* Debug */ = {
			isa = XCBuildConfiguration;
			buildSettings = {
				CODE_SIGN_STYLE = Automatic;
				CURRENT_PROJECT_VERSION = 1;
				DEVELOPMENT_TEAM = 27FY64RUCC;
				GENERATE_INFOPLIST_FILE = YES;
				INFOPLIST_FILE = FixedMoodyWidget/Info.plist;
				INFOPLIST_KEY_CFBundleDisplayName = FixedMoodyWidget;
				INFOPLIST_KEY_NSHumanReadableCopyright = "";
				LD_RUNPATH_SEARCH_PATHS = (
					"$(inherited)",
					"@executable_path/Frameworks",
					"@executable_path/../../Frameworks",
				);
				MARKETING_VERSION = 1.0;
				PRODUCT_BUNDLE_IDENTIFIER = com.sorawitt.MoodyApp.FixedMoodyWidget;
				PRODUCT_NAME = "$(TARGET_NAME)";
				SKIP_INSTALL = YES;
				SWIFT_EMIT_LOC_STRINGS = YES;
				SWIFT_VERSION = 5.0;
				TARGETED_DEVICE_FAMILY = "1,2";
			};
			name = Debug;
		};
		222F56B62B0F2015009C6D12 /* Release */ = {
			isa = XCBuildConfiguration;
			buildSettings = {
				CODE_SIGN_STYLE = Automatic;
				CURRENT_PROJECT_VERSION = 1;
				DEVELOPMENT_TEAM = 27FY64RUCC;
				GENERATE_INFOPLIST_FILE = YES;
				INFOPLIST_FILE = FixedMoodyWidget/Info.plist;
				INFOPLIST_KEY_CFBundleDisplayName = FixedMoodyWidget;
				INFOPLIST_KEY_NSHumanReadableCopyright = "";
				LD_RUNPATH_SEARCH_PATHS = (
					"$(inherited)",
					"@executable_path/Frameworks",
					"@executable_path/../../Frameworks",
				);
				MARKETING_VERSION = 1.0;
				PRODUCT_BUNDLE_IDENTIFIER = com.sorawitt.MoodyApp.FixedMoodyWidget;
				PRODUCT_NAME = "$(TARGET_NAME)";
				SKIP_INSTALL = YES;
				SWIFT_EMIT_LOC_STRINGS = YES;
				SWIFT_VERSION = 5.0;
				TARGETED_DEVICE_FAMILY = "1,2";
			};
			name = Release;
		};
/* End XCBuildConfiguration section */

/* Begin XCConfigurationList section */
		221820542B0EFFF9000996AD /* Build configuration list for PBXProject "MoodyApp" */ = {
			isa = XCConfigurationList;
			buildConfigurations = (
				221820652B0EFFFB000996AD /* Debug */,
				221820662B0EFFFB000996AD /* Release */,
			);
			defaultConfigurationIsVisible = 0;
			defaultConfigurationName = Release;
		};
		221820672B0EFFFB000996AD /* Build configuration list for PBXNativeTarget "MoodyApp" */ = {
			isa = XCConfigurationList;
			buildConfigurations = (
				221820682B0EFFFB000996AD /* Debug */,
				221820692B0EFFFB000996AD /* Release */,
			);
			defaultConfigurationIsVisible = 0;
			defaultConfigurationName = Release;
		};
		222F565B2B0F120D009C6D12 /* Build configuration list for PBXNativeTarget "MoodyWidgetExtension" */ = {
			isa = XCConfigurationList;
			buildConfigurations = (
				222F56592B0F120D009C6D12 /* Debug */,
				222F565A2B0F120D009C6D12 /* Release */,
			);
			defaultConfigurationIsVisible = 0;
			defaultConfigurationName = Release;
		};
		222F56B42B0F2015009C6D12 /* Build configuration list for PBXNativeTarget "FixedMoodyWidget" */ = {
			isa = XCConfigurationList;
			buildConfigurations = (
				222F56B52B0F2015009C6D12 /* Debug */,
				222F56B62B0F2015009C6D12 /* Release */,
			);
			defaultConfigurationIsVisible = 0;
			defaultConfigurationName = Release;
		};
/* End XCConfigurationList section */
	};
	rootObject = 221820512B0EFFF9000996AD /* Project object */;
}
